#MicroXplorer Configuration settings - do not modify
#Mon Feb 03 23:32:02 EET 2014
File.Version=1
KeepUserPlacement=true
Mcu.Family=STM32F4
Mcu.IP0=ADC2
Mcu.IP1=DAC
Mcu.IP2=ETH_RMII
Mcu.IP3=SPI1
Mcu.IP4=SYS
Mcu.IP5=TIM3
Mcu.IP6=TIM10
Mcu.IP7=TIM11
Mcu.IP8=USART1
Mcu.IP9=USART2
Mcu.IPNb=10
Mcu.Name=STM32F407V(E-G)Tx
Mcu.Package=LQFP100
Mcu.Pin0=PC14-OSC32_IN
Mcu.Pin1=PC15-OSC32_OUT
Mcu.Pin10=PA7
Mcu.Pin11=PC4
Mcu.Pin12=PC5
Mcu.Pin13=PB2
Mcu.Pin14=PB10
Mcu.Pin15=PB11
Mcu.Pin16=PB12
Mcu.Pin17=PB13
Mcu.Pin18=PD12
Mcu.Pin19=PD13
Mcu.Pin2=PH0-OSC_IN
Mcu.Pin20=PD14
Mcu.Pin21=PD15
Mcu.Pin22=PC6
Mcu.Pin23=PC7
Mcu.Pin24=PC8
Mcu.Pin25=PC9
Mcu.Pin26=PA9
Mcu.Pin27=PA10
Mcu.Pin28=PA11
Mcu.Pin29=PA12
Mcu.Pin3=PC1
Mcu.Pin30=PA13
Mcu.Pin31=PA14
Mcu.Pin32=PD3
Mcu.Pin33=PD4
Mcu.Pin34=PD5
Mcu.Pin35=PD6
Mcu.Pin36=PB3
Mcu.Pin37=PB4
Mcu.Pin38=PB5
Mcu.Pin39=PB6
Mcu.Pin4=PC2
Mcu.Pin40=PB8
Mcu.Pin41=PB9
Mcu.Pin5=PC3
Mcu.Pin6=PA1
Mcu.Pin7=PA2
Mcu.Pin8=PA4
Mcu.Pin9=PA5
Mcu.PinsNb=42
PA1.Mode=RMII
PA1.Signal=ETH_RMII_REF_CLK
PA10.Mode=Hardware-flow-control
PA10.Signal=USART1_RX
PA11.Mode=Hardware-flow-control
PA11.Signal=USART1_CTS
PA12.Mode=Hardware-flow-control
PA12.Signal=USART1_RTS
PA13.Mode=Serial-Wire
PA13.Signal=SYS_JTMS-SWDIO
PA14.Mode=Serial-Wire
PA14.Signal=SYS_JTCK-SWCLK
PA2.Mode=RMII
PA2.Signal=ETH_RMII_MDIO
PA4.Mode=OUT1
PA4.Signal=DAC_OUT1
PA5.Mode=OUT2
PA5.Signal=DAC_OUT2
PA7.Mode=RMII
PA7.Signal=ETH_RMII_CRS_DV
PA9.Mode=Hardware-flow-control
PA9.Signal=USART1_TX
PB10.Signal=GPIO_Output
PB11.Mode=RMII
PB11.Signal=ETH_RMII_TX_EN
PB12.Mode=RMII
PB12.Signal=ETH_RMII_TXD0
PB13.Mode=RMII
PB13.Signal=ETH_RMII_TXD1
PB2.Signal=GPIO_Input
PB3.Mode=Full-Duplex-Master
PB3.Signal=SPI1_SCK
PB4.Mode=Full-Duplex-Master
PB4.Signal=SPI1_MISO
PB5.Mode=Full-Duplex-Master
PB5.Signal=SPI1_MOSI
PB6.Signal=GPIO_Output
PB8.Mode=Output-Compare
PB8.Signal=TIM10_CH1
PB9.Mode=Output-Compare
PB9.Signal=TIM11_CH1
PC1.Mode=RMII
PC1.Signal=ETH_RMII_MDC
PC14-OSC32_IN.Mode=LSE-External-Oscillator
PC14-OSC32_IN.Signal=SYS_OSC32_IN
PC15-OSC32_OUT.Mode=LSE-External-Oscillator
PC15-OSC32_OUT.Signal=SYS_OSC32_OUT
PC2.Mode=IN12
PC2.Signal=ADC2_IN12
PC3.Mode=IN13
PC3.Signal=ADC2_IN13
PC4.Mode=RMII
PC4.Signal=ETH_RMII_RXD0
PC5.Mode=RMII
PC5.Signal=ETH_RMII_RXD1
PC6.Mode=One-Pulse-Generation
PC6.Signal=TIM3_CH1
PC7.Mode=One-Pulse-Generation
PC7.Signal=TIM3_CH2
PC8.Mode=One-Pulse-Generation
PC8.Signal=TIM3_CH3
PC9.Mode=One-Pulse-Generation
PC9.Signal=TIM3_CH4
PD12.Signal=GPIO_Output
PD13.Signal=GPIO_Output
PD14.Signal=GPIO_Output
PD15.Signal=GPIO_Output
PD3.Mode=Hardware-flow-control
PD3.Signal=USART2_CTS
PD4.Mode=Hardware-flow-control
PD4.Signal=USART2_RTS
PD5.Mode=Hardware-flow-control
PD5.Signal=USART2_TX
PD6.Mode=Hardware-flow-control
PD6.Signal=USART2_RX
PH0-OSC_IN.Mode=HSE-External-Clock-Source
PH0-OSC_IN.Signal=SYS_OSC_IN
