#MicroXplorer Configuration settings - do not modify
#Thu Feb 13 01:10:11 EET 2014
File.Version=1
KeepUserPlacement=true
Mcu.Family=STM32F4
Mcu.IP0=ADC1
Mcu.IP1=ADC2
Mcu.IP2=ADC3
Mcu.IP3=DAC
Mcu.IP4=ETH_RMII
Mcu.IP5=SPI1
Mcu.IP6=SYS
Mcu.IP7=TIM4
Mcu.IP8=USART1
Mcu.IP9=USART2
Mcu.IPNb=10
Mcu.Name=STM32F407V(E-G)Tx
Mcu.Package=LQFP100
Mcu.Pin0=PC14-OSC32_IN
Mcu.Pin1=PC15-OSC32_OUT
Mcu.Pin10=PA5
Mcu.Pin11=PA7
Mcu.Pin12=PC4
Mcu.Pin13=PC5
Mcu.Pin14=PB2
Mcu.Pin15=PB10
Mcu.Pin16=PB11
Mcu.Pin17=PB12
Mcu.Pin18=PB13
Mcu.Pin19=PC8
Mcu.Pin2=PH0-OSC_IN
Mcu.Pin20=PC9
Mcu.Pin21=PA9
Mcu.Pin22=PA10
Mcu.Pin23=PA11
Mcu.Pin24=PA12
Mcu.Pin25=PA13
Mcu.Pin26=PA14
Mcu.Pin27=PD3
Mcu.Pin28=PD4
Mcu.Pin29=PD5
Mcu.Pin3=PC0
Mcu.Pin30=PD6
Mcu.Pin31=PB3
Mcu.Pin32=PB4
Mcu.Pin33=PB5
Mcu.Pin34=PB6
Mcu.Pin35=PB7
Mcu.Pin36=PB8
Mcu.Pin4=PC1
Mcu.Pin5=PC2
Mcu.Pin6=PC3
Mcu.Pin7=PA1
Mcu.Pin8=PA2
Mcu.Pin9=PA4
Mcu.PinsNb=37
PA1.Mode=RMII
PA1.Signal=ETH_RMII_REF_CLK
PA10.Mode=Hardware-flow-control
PA10.Signal=USART1_RX
PA11.Mode=Hardware-flow-control
PA11.Signal=USART1_CTS
PA12.Mode=Hardware-flow-control
PA12.Signal=USART1_RTS
PA13.Mode=Serial-Wire
PA13.Signal=SYS_JTMS-SWDIO
PA14.Mode=Serial-Wire
PA14.Signal=SYS_JTCK-SWCLK
PA2.Mode=RMII
PA2.Signal=ETH_RMII_MDIO
PA4.Mode=OUT1
PA4.Signal=DAC_OUT1
PA5.Mode=OUT2
PA5.Signal=DAC_OUT2
PA7.Mode=RMII
PA7.Signal=ETH_RMII_CRS_DV
PA9.Mode=Hardware-flow-control
PA9.Signal=USART1_TX
PB10.Signal=GPIO_Output
PB11.Mode=RMII
PB11.Signal=ETH_RMII_TX_EN
PB12.Mode=RMII
PB12.Signal=ETH_RMII_TXD0
PB13.Mode=RMII
PB13.Signal=ETH_RMII_TXD1
PB2.Signal=GPIO_Input
PB3.Mode=Full-Duplex-Master
PB3.Signal=SPI1_SCK
PB4.Mode=Full-Duplex-Master
PB4.Signal=SPI1_MISO
PB5.Mode=Full-Duplex-Master
PB5.Signal=SPI1_MOSI
PB6.Signal=GPIO_Output
PB7.Mode=PWM-Input-2
PB7.Signal=TIM4_CH2
PB8.Signal=TIM4_CH3
PC0.Mode=IN10
PC0.Signal=ADC1_IN10
PC1.Mode=RMII
PC1.Signal=ETH_RMII_MDC
PC14-OSC32_IN.Mode=LSE-External-Oscillator
PC14-OSC32_IN.Signal=SYS_OSC32_IN
PC15-OSC32_OUT.Mode=LSE-External-Oscillator
PC15-OSC32_OUT.Signal=SYS_OSC32_OUT
PC2.Mode=IN12
PC2.Signal=ADC2_IN12
PC3.Mode=IN13
PC3.Signal=ADC3_IN13
PC4.Mode=RMII
PC4.Signal=ETH_RMII_RXD0
PC5.Mode=RMII
PC5.Signal=ETH_RMII_RXD1
PC8.Signal=TIM3_CH3
PC9.Signal=TIM3_CH4
PD3.Mode=Hardware-flow-control
PD3.Signal=USART2_CTS
PD4.Mode=Hardware-flow-control
PD4.Signal=USART2_RTS
PD5.Mode=Hardware-flow-control
PD5.Signal=USART2_TX
PD6.Mode=Hardware-flow-control
PD6.Signal=USART2_RX
PH0-OSC_IN.Mode=HSE-External-Clock-Source
PH0-OSC_IN.Signal=SYS_OSC_IN
